// !$*UTF8*$!
{
	archiveVersion = 1;
	classes = {
	};
	objectVersion = 46;
	objects = {

/* Begin PBXBuildFile section */
		167F4F8EB4C72DC486F96BA7 /* sdkbox.framework */ = {isa = PBXBuildFile; fileRef = D0D54939AE816DABADE00AC1 /* sdkbox.framework */; };
		192977141BB22CF10002DFFC /* CFNetwork.framework */ = {isa = PBXBuildFile; fileRef = 192977131BB22CF10002DFFC /* CFNetwork.framework */; };
		1D60589F0D05DD5A006BFB54 /* Foundation.framework */ = {isa = PBXBuildFile; fileRef = 1D30AB110D05D00D00671497 /* Foundation.framework */; };
		1DF5F4E00D08C38300B7A737 /* UIKit.framework */ = {isa = PBXBuildFile; fileRef = 1DF5F4DF0D08C38300B7A737 /* UIKit.framework */; };
		1E4146BB8C923CA52DB7FFF8 /* libcocos2d iOS.a */ = {isa = PBXBuildFile; fileRef = 36C64C27B51AFFE8FF5464D4 /* libcocos2d iOS.a */; };
		288765A50DF7441C002DB57D /* CoreGraphics.framework */ = {isa = PBXBuildFile; fileRef = 288765A40DF7441C002DB57D /* CoreGraphics.framework */; };
		2C134685A3495550C1C3733E /* StoreKit.framework */ = {isa = PBXBuildFile; fileRef = F3F44AF5AB9BAE50C1810A87 /* StoreKit.framework */; };
		3ED945F0BDD5DCE9B0D932D4 /* sdkbox_config.json */ = {isa = PBXBuildFile; fileRef = 7BBC4F6081F9C1AA29FC6F9D /* sdkbox_config.json */; };
		3F0F4FE7BFD23C718A7344DE /* res */ = {isa = PBXBuildFile; fileRef = 0F3A4B559B3019F2C7B0E080 /* res */; };
		46880B8819C43A87006E1F66 /* AppDelegate.cpp */ = {isa = PBXBuildFile; fileRef = 46880B8419C43A87006E1F66 /* AppDelegate.cpp */; };
		46880B8919C43A87006E1F66 /* AppDelegate.cpp */ = {isa = PBXBuildFile; fileRef = 46880B8419C43A87006E1F66 /* AppDelegate.cpp */; };
		46880B8A19C43A87006E1F66 /* HelloWorldScene.cpp */ = {isa = PBXBuildFile; fileRef = 46880B8619C43A87006E1F66 /* HelloWorldScene.cpp */; };
		46880B8B19C43A87006E1F66 /* HelloWorldScene.cpp */ = {isa = PBXBuildFile; fileRef = 46880B8619C43A87006E1F66 /* HelloWorldScene.cpp */; };
		503AE10017EB989F00D1A890 /* AppController.mm */ = {isa = PBXBuildFile; fileRef = 503AE0FB17EB989F00D1A890 /* AppController.mm */; };
		503AE10117EB989F00D1A890 /* main.m */ = {isa = PBXBuildFile; fileRef = 503AE0FC17EB989F00D1A890 /* main.m */; };
		503AE10217EB989F00D1A890 /* RootViewController.mm */ = {isa = PBXBuildFile; fileRef = 503AE0FF17EB989F00D1A890 /* RootViewController.mm */; };
		503AE11B17EB9C5A00D1A890 /* IOKit.framework */ = {isa = PBXBuildFile; fileRef = 503AE11A17EB9C5A00D1A890 /* IOKit.framework */; };
		5087E76317EB910900C73F5D /* Foundation.framework */ = {isa = PBXBuildFile; fileRef = 1D30AB110D05D00D00671497 /* Foundation.framework */; };
		5087E76717EB910900C73F5D /* libz.dylib */ = {isa = PBXBuildFile; fileRef = BF170DB412928DE900B8313A /* libz.dylib */; };
		5087E76817EB910900C73F5D /* QuartzCore.framework */ = {isa = PBXBuildFile; fileRef = BF1C47EA1293683800B63C5D /* QuartzCore.framework */; };
		5087E76917EB910900C73F5D /* OpenAL.framework */ = {isa = PBXBuildFile; fileRef = D44C620B132DFF330009C878 /* OpenAL.framework */; };
		5087E76A17EB910900C73F5D /* AVFoundation.framework */ = {isa = PBXBuildFile; fileRef = D44C620D132DFF430009C878 /* AVFoundation.framework */; };
		5087E76B17EB910900C73F5D /* AudioToolbox.framework */ = {isa = PBXBuildFile; fileRef = D44C620F132DFF4E0009C878 /* AudioToolbox.framework */; };
		5087E77D17EB970100C73F5D /* Default-568h@2x.png */ = {isa = PBXBuildFile; fileRef = 5087E77217EB970100C73F5D /* Default-568h@2x.png */; };
		5087E77E17EB970100C73F5D /* Default.png */ = {isa = PBXBuildFile; fileRef = 5087E77317EB970100C73F5D /* Default.png */; };
		5087E77F17EB970100C73F5D /* Default@2x.png */ = {isa = PBXBuildFile; fileRef = 5087E77417EB970100C73F5D /* Default@2x.png */; };
		5087E78017EB970100C73F5D /* Icon-114.png */ = {isa = PBXBuildFile; fileRef = 5087E77517EB970100C73F5D /* Icon-114.png */; };
		5087E78117EB970100C73F5D /* Icon-120.png */ = {isa = PBXBuildFile; fileRef = 5087E77617EB970100C73F5D /* Icon-120.png */; };
		5087E78217EB970100C73F5D /* Icon-144.png */ = {isa = PBXBuildFile; fileRef = 5087E77717EB970100C73F5D /* Icon-144.png */; };
		5087E78317EB970100C73F5D /* Icon-152.png */ = {isa = PBXBuildFile; fileRef = 5087E77817EB970100C73F5D /* Icon-152.png */; };
		5087E78417EB970100C73F5D /* Icon-57.png */ = {isa = PBXBuildFile; fileRef = 5087E77917EB970100C73F5D /* Icon-57.png */; };
		5087E78517EB970100C73F5D /* Icon-72.png */ = {isa = PBXBuildFile; fileRef = 5087E77A17EB970100C73F5D /* Icon-72.png */; };
		5087E78617EB970100C73F5D /* Icon-76.png */ = {isa = PBXBuildFile; fileRef = 5087E77B17EB970100C73F5D /* Icon-76.png */; };
		5087E78917EB974C00C73F5D /* AppKit.framework */ = {isa = PBXBuildFile; fileRef = 5087E78817EB974C00C73F5D /* AppKit.framework */; };
		5087E78B17EB975400C73F5D /* OpenGL.framework */ = {isa = PBXBuildFile; fileRef = 5087E78A17EB975400C73F5D /* OpenGL.framework */; };
		50EF629617ECD46A001EB2F8 /* Icon-40.png */ = {isa = PBXBuildFile; fileRef = 50EF629217ECD46A001EB2F8 /* Icon-40.png */; };
		50EF629717ECD46A001EB2F8 /* Icon-58.png */ = {isa = PBXBuildFile; fileRef = 50EF629317ECD46A001EB2F8 /* Icon-58.png */; };
		50EF629817ECD46A001EB2F8 /* Icon-80.png */ = {isa = PBXBuildFile; fileRef = 50EF629417ECD46A001EB2F8 /* Icon-80.png */; };
		50EF629917ECD46A001EB2F8 /* Icon-100.png */ = {isa = PBXBuildFile; fileRef = 50EF629517ECD46A001EB2F8 /* Icon-100.png */; };
		50EF62A217ECD613001EB2F8 /* Icon-29.png */ = {isa = PBXBuildFile; fileRef = 50EF62A017ECD613001EB2F8 /* Icon-29.png */; };
		50EF62A317ECD613001EB2F8 /* Icon-50.png */ = {isa = PBXBuildFile; fileRef = 50EF62A117ECD613001EB2F8 /* Icon-50.png */; };
		521A8E6419F0C34300D177D7 /* Default-667h@2x.png */ = {isa = PBXBuildFile; fileRef = 521A8E6219F0C34300D177D7 /* Default-667h@2x.png */; };
		521A8E6519F0C34300D177D7 /* Default-736h@3x.png */ = {isa = PBXBuildFile; fileRef = 521A8E6319F0C34300D177D7 /* Default-736h@3x.png */; };
		52B47A471A53D09C004E4C60 /* Security.framework */ = {isa = PBXBuildFile; fileRef = 52B47A461A53D09B004E4C60 /* Security.framework */; };
		6F184B438EFB81222AF34B2C /* res */ = {isa = PBXBuildFile; fileRef = 0F3A4B559B3019F2C7B0E080 /* res */; };
		9F584E3D8A77D85BB6045A0A /* SdkboxReviewResLocalizable.strings */ = {isa = PBXBuildFile; fileRef = 10E84E1FA4BD4806B56900E1 /* SdkboxReviewResLocalizable.strings */; };
		A68849D5BF91449066AB268B /* SystemConfiguration.framework */ = {isa = PBXBuildFile; fileRef = 7C8443FE98E1A59A28F93354 /* SystemConfiguration.framework */; };
		B186D5301C02B62D00DF7268 /* CloseNormal.png */ = {isa = PBXBuildFile; fileRef = B186D52C1C02B62D00DF7268 /* CloseNormal.png */; };
		B186D5311C02B62D00DF7268 /* CloseSelected.png */ = {isa = PBXBuildFile; fileRef = B186D52D1C02B62D00DF7268 /* CloseSelected.png */; };
		B186D5321C02B62D00DF7268 /* fonts */ = {isa = PBXBuildFile; fileRef = B186D52E1C02B62D00DF7268 /* fonts */; };
		B186D5331C02B62D00DF7268 /* HelloWorld.png */ = {isa = PBXBuildFile; fileRef = B186D52F1C02B62D00DF7268 /* HelloWorld.png */; };
		BF171245129291EC00B8313A /* OpenGLES.framework */ = {isa = PBXBuildFile; fileRef = BF170DB012928DE900B8313A /* OpenGLES.framework */; };
		BF1712471292920000B8313A /* libz.dylib */ = {isa = PBXBuildFile; fileRef = BF170DB412928DE900B8313A /* libz.dylib */; };
		BF1C47F01293687400B63C5D /* QuartzCore.framework */ = {isa = PBXBuildFile; fileRef = BF1C47EA1293683800B63C5D /* QuartzCore.framework */; };
		D44C620C132DFF330009C878 /* OpenAL.framework */ = {isa = PBXBuildFile; fileRef = D44C620B132DFF330009C878 /* OpenAL.framework */; };
		D44C620E132DFF430009C878 /* AVFoundation.framework */ = {isa = PBXBuildFile; fileRef = D44C620D132DFF430009C878 /* AVFoundation.framework */; };
		D44C6210132DFF4E0009C878 /* AudioToolbox.framework */ = {isa = PBXBuildFile; fileRef = D44C620F132DFF4E0009C878 /* AudioToolbox.framework */; };
		D6B0611B1803AB670077942B /* CoreMotion.framework */ = {isa = PBXBuildFile; fileRef = D6B0611A1803AB670077942B /* CoreMotion.framework */; };
		DC2B4D529934E52F27FCF0D4 /* AdSupport.framework */ = {isa = PBXBuildFile; fileRef = 8A1C40429540D1D36267DCFB /* AdSupport.framework */; };
		F53A41179E83975516186002 /* PluginReview.framework */ = {isa = PBXBuildFile; fileRef = 1BB14776930A5E3557D4675A /* PluginReview.framework */; };
/* End PBXBuildFile section */

/* Begin PBXFileReference section */
		00244304BA46400B2C161170 /* cs */ = {isa = PBXFileReference; lastKnownFileType = "?"; name = cs; path = plugin_review_res_bundle/cs.lproj/SdkboxReviewResLocalizable.strings; sourceTree = SOURCE_ROOT; };
		004B428E84C6783813C3E6A8 /* ru */ = {isa = PBXFileReference; lastKnownFileType = "?"; name = ru; path = plugin_review_res_bundle/ru.lproj/SdkboxReviewResLocalizable.strings; sourceTree = SOURCE_ROOT; };
		02C64EC1AF1709C9166EF163 /* ar */ = {isa = PBXFileReference; lastKnownFileType = "?"; name = ar; path = plugin_review_res_bundle/ar.lproj/SdkboxReviewResLocalizable.strings; sourceTree = SOURCE_ROOT; };
		06644976B5A72EFF3AE33B54 /* pt */ = {isa = PBXFileReference; lastKnownFileType = "?"; name = pt; path = plugin_review_res_bundle/pt.lproj/SdkboxReviewResLocalizable.strings; sourceTree = SOURCE_ROOT; };
		098141088B46EB8F69E0106F /* sk */ = {isa = PBXFileReference; lastKnownFileType = "?"; name = sk; path = plugin_review_res_bundle/sk.lproj/SdkboxReviewResLocalizable.strings; sourceTree = SOURCE_ROOT; };
		0AD247D3982BA30B8E934C7A /* ja */ = {isa = PBXFileReference; lastKnownFileType = "?"; name = ja; path = plugin_review_res_bundle/ja.lproj/SdkboxReviewResLocalizable.strings; sourceTree = SOURCE_ROOT; };
		0D95470BB0964EF6F84BDF99 /* ca */ = {isa = PBXFileReference; lastKnownFileType = "?"; name = ca; path = plugin_review_res_bundle/ca.lproj/SdkboxReviewResLocalizable.strings; sourceTree = SOURCE_ROOT; };
		0F3A4B559B3019F2C7B0E080 /* res */ = {isa = PBXFileReference; lastKnownFileType = "?"; name = res; path = ../Resources/res; sourceTree = "<group>"; };
		192977131BB22CF10002DFFC /* CFNetwork.framework */ = {isa = PBXFileReference; lastKnownFileType = wrapper.framework; name = CFNetwork.framework; path = Platforms/iPhoneOS.platform/Developer/SDKs/iPhoneOS8.4.sdk/System/Library/Frameworks/CFNetwork.framework; sourceTree = DEVELOPER_DIR; };
		19B44EFB8D32F3A8B8CDB397 /* it */ = {isa = PBXFileReference; lastKnownFileType = "?"; name = it; path = plugin_review_res_bundle/it.lproj/SdkboxReviewResLocalizable.strings; sourceTree = SOURCE_ROOT; };
		1AB84778A3930317D93C0210 /* fr */ = {isa = PBXFileReference; lastKnownFileType = "?"; name = fr; path = plugin_review_res_bundle/fr.lproj/SdkboxReviewResLocalizable.strings; sourceTree = SOURCE_ROOT; };
		1ACB3243164770DE00914215 /* libcurl.a */ = {isa = PBXFileReference; lastKnownFileType = archive.ar; name = libcurl.a; path = ../../cocos2dx/platform/third_party/ios/libraries/libcurl.a; sourceTree = "<group>"; };
		1BB14776930A5E3557D4675A /* PluginReview.framework */ = {isa = PBXFileReference; lastKnownFileType = wrapper.framework; path = PluginReview.framework; sourceTree = SOURCE_ROOT; };
		1BDB4D978C84363191D223EA /* ko */ = {isa = PBXFileReference; lastKnownFileType = "?"; name = ko; path = plugin_review_res_bundle/ko.lproj/SdkboxReviewResLocalizable.strings; sourceTree = SOURCE_ROOT; };
		1BDE40CCBE3FA585F1A9CE00 /* uk */ = {isa = PBXFileReference; lastKnownFileType = "?"; name = uk; path = plugin_review_res_bundle/uk.lproj/SdkboxReviewResLocalizable.strings; sourceTree = SOURCE_ROOT; };
		1D30AB110D05D00D00671497 /* Foundation.framework */ = {isa = PBXFileReference; lastKnownFileType = wrapper.framework; name = Foundation.framework; path = System/Library/Frameworks/Foundation.framework; sourceTree = SDKROOT; };
		1D6058910D05DD3D006BFB54 /* cpp iOS.app */ = {isa = PBXFileReference; explicitFileType = wrapper.application; includeInIndex = 0; path = "cpp iOS.app"; sourceTree = BUILT_PRODUCTS_DIR; };
		1DF5F4DF0D08C38300B7A737 /* UIKit.framework */ = {isa = PBXFileReference; lastKnownFileType = wrapper.framework; name = UIKit.framework; path = System/Library/Frameworks/UIKit.framework; sourceTree = SDKROOT; };
		200B4424BCB0A57CAA6DF57D /* zh-Hant */ = {isa = PBXFileReference; lastKnownFileType = "?"; name = zh-Hant; path = plugin_review_res_bundle/zh-Hant.lproj/SdkboxReviewResLocalizable.strings; sourceTree = SOURCE_ROOT; };
		286A4BE1A00D88D327A37FBB /* en */ = {isa = PBXFileReference; lastKnownFileType = "?"; name = en; path = plugin_review_res_bundle/en.lproj/SdkboxReviewResLocalizable.strings; sourceTree = SOURCE_ROOT; };
		288765A40DF7441C002DB57D /* CoreGraphics.framework */ = {isa = PBXFileReference; lastKnownFileType = wrapper.framework; name = CoreGraphics.framework; path = System/Library/Frameworks/CoreGraphics.framework; sourceTree = SDKROOT; };
		28ED4755B0935EDD2DB3ECEE /* zh-Hant */ = {isa = PBXFileReference; lastKnownFileType = "?"; name = zh-Hant; path = plugin_review_res_bundle/zh-Hant.lproj/SdkboxReviewResLocalizable.strings; sourceTree = SOURCE_ROOT; };
		2CCD4FB8AAE9DF83F64B3C6A /* ca */ = {isa = PBXFileReference; lastKnownFileType = "?"; name = ca; path = plugin_review_res_bundle/ca.lproj/SdkboxReviewResLocalizable.strings; sourceTree = SOURCE_ROOT; };
		2EE14B59A97A42D13BE48611 /* sk */ = {isa = PBXFileReference; lastKnownFileType = "?"; name = sk; path = plugin_review_res_bundle/sk.lproj/SdkboxReviewResLocalizable.strings; sourceTree = SOURCE_ROOT; };
		2EEB4F438CADDFBD49C53910 /* pt-BR */ = {isa = PBXFileReference; lastKnownFileType = "?"; name = pt-BR; path = plugin_review_res_bundle/pt-BR.lproj/SdkboxReviewResLocalizable.strings; sourceTree = SOURCE_ROOT; };
		3458495FB0DDE2A16477156C /* ko */ = {isa = PBXFileReference; lastKnownFileType = "?"; name = ko; path = plugin_review_res_bundle/ko.lproj/SdkboxReviewResLocalizable.strings; sourceTree = SOURCE_ROOT; };
		36C64C27B51AFFE8FF5464D4 /* libcocos2d iOS.a */ = {isa = PBXFileReference; lastKnownFileType = archive.ar; name = "libcocos2d iOS.a"; path = "../../cocos2d-x-3.6-lib/prebuilt/ios/libcocos2d iOS.a"; sourceTree = "<absolute>"; };
		3C09495097258A60052E57C7 /* el */ = {isa = PBXFileReference; lastKnownFileType = "?"; name = el; path = plugin_review_res_bundle/el.lproj/SdkboxReviewResLocalizable.strings; sourceTree = SOURCE_ROOT; };
		3EBB4A36AD824E7A08699926 /* ja */ = {isa = PBXFileReference; lastKnownFileType = "?"; name = ja; path = plugin_review_res_bundle/ja.lproj/SdkboxReviewResLocalizable.strings; sourceTree = SOURCE_ROOT; };
		409E45AAAA1FB30BE6334EEF /* vi */ = {isa = PBXFileReference; lastKnownFileType = "?"; name = vi; path = plugin_review_res_bundle/vi.lproj/SdkboxReviewResLocalizable.strings; sourceTree = SOURCE_ROOT; };
		448A4C27AFB273A42BEF5CEC /* pt */ = {isa = PBXFileReference; lastKnownFileType = "?"; name = pt; path = plugin_review_res_bundle/pt.lproj/SdkboxReviewResLocalizable.strings; sourceTree = SOURCE_ROOT; };
		450743FAA1BA1788329F1139 /* fr */ = {isa = PBXFileReference; lastKnownFileType = "?"; name = fr; path = plugin_review_res_bundle/fr.lproj/SdkboxReviewResLocalizable.strings; sourceTree = SOURCE_ROOT; };
		46880B8419C43A87006E1F66 /* AppDelegate.cpp */ = {isa = PBXFileReference; fileEncoding = 4; lastKnownFileType = sourcecode.cpp.cpp; path = AppDelegate.cpp; sourceTree = "<group>"; };
		46880B8519C43A87006E1F66 /* AppDelegate.h */ = {isa = PBXFileReference; fileEncoding = 4; lastKnownFileType = sourcecode.c.h; path = AppDelegate.h; sourceTree = "<group>"; };
		46880B8619C43A87006E1F66 /* HelloWorldScene.cpp */ = {isa = PBXFileReference; fileEncoding = 4; lastKnownFileType = sourcecode.cpp.cpp; path = HelloWorldScene.cpp; sourceTree = "<group>"; };
		46880B8719C43A87006E1F66 /* HelloWorldScene.h */ = {isa = PBXFileReference; fileEncoding = 4; lastKnownFileType = sourcecode.c.h; path = HelloWorldScene.h; sourceTree = "<group>"; };
		4C9D4FA1ADB999D068EBC2F9 /* el */ = {isa = PBXFileReference; lastKnownFileType = "?"; name = el; path = plugin_review_res_bundle/el.lproj/SdkboxReviewResLocalizable.strings; sourceTree = SOURCE_ROOT; };
		503AE0FA17EB989F00D1A890 /* AppController.h */ = {isa = PBXFileReference; fileEncoding = 4; lastKnownFileType = sourcecode.c.h; name = AppController.h; path = ios/AppController.h; sourceTree = SOURCE_ROOT; };
		503AE0FB17EB989F00D1A890 /* AppController.mm */ = {isa = PBXFileReference; fileEncoding = 4; lastKnownFileType = sourcecode.cpp.objcpp; name = AppController.mm; path = ios/AppController.mm; sourceTree = SOURCE_ROOT; };
		503AE0FC17EB989F00D1A890 /* main.m */ = {isa = PBXFileReference; fileEncoding = 4; lastKnownFileType = sourcecode.c.objc; name = main.m; path = ios/main.m; sourceTree = SOURCE_ROOT; };
		503AE0FD17EB989F00D1A890 /* Prefix.pch */ = {isa = PBXFileReference; fileEncoding = 4; lastKnownFileType = sourcecode.c.h; name = Prefix.pch; path = ios/Prefix.pch; sourceTree = SOURCE_ROOT; };
		503AE0FE17EB989F00D1A890 /* RootViewController.h */ = {isa = PBXFileReference; fileEncoding = 4; lastKnownFileType = sourcecode.c.h; name = RootViewController.h; path = ios/RootViewController.h; sourceTree = SOURCE_ROOT; };
		503AE0FF17EB989F00D1A890 /* RootViewController.mm */ = {isa = PBXFileReference; fileEncoding = 4; lastKnownFileType = sourcecode.cpp.objcpp; name = RootViewController.mm; path = ios/RootViewController.mm; sourceTree = SOURCE_ROOT; };
		503AE11117EB99EE00D1A890 /* libcurl.dylib */ = {isa = PBXFileReference; lastKnownFileType = compiled.mach-o.dylib; name = libcurl.dylib; path = usr/lib/libcurl.dylib; sourceTree = SDKROOT; };
		503AE11A17EB9C5A00D1A890 /* IOKit.framework */ = {isa = PBXFileReference; lastKnownFileType = wrapper.framework; name = IOKit.framework; path = System/Library/Frameworks/IOKit.framework; sourceTree = SDKROOT; };
		508245BEB63FA33ADD729944 /* da */ = {isa = PBXFileReference; lastKnownFileType = "?"; name = da; path = plugin_review_res_bundle/da.lproj/SdkboxReviewResLocalizable.strings; sourceTree = SOURCE_ROOT; };
		5087E76F17EB910900C73F5D /* cpp Mac.app */ = {isa = PBXFileReference; explicitFileType = wrapper.application; includeInIndex = 0; path = "cpp Mac.app"; sourceTree = BUILT_PRODUCTS_DIR; };
		5087E77217EB970100C73F5D /* Default-568h@2x.png */ = {isa = PBXFileReference; lastKnownFileType = image.png; path = "Default-568h@2x.png"; sourceTree = "<group>"; };
		5087E77317EB970100C73F5D /* Default.png */ = {isa = PBXFileReference; lastKnownFileType = image.png; path = Default.png; sourceTree = "<group>"; };
		5087E77417EB970100C73F5D /* Default@2x.png */ = {isa = PBXFileReference; lastKnownFileType = image.png; path = "Default@2x.png"; sourceTree = "<group>"; };
		5087E77517EB970100C73F5D /* Icon-114.png */ = {isa = PBXFileReference; lastKnownFileType = image.png; path = Icon-114.png; sourceTree = "<group>"; };
		5087E77617EB970100C73F5D /* Icon-120.png */ = {isa = PBXFileReference; lastKnownFileType = image.png; path = Icon-120.png; sourceTree = "<group>"; };
		5087E77717EB970100C73F5D /* Icon-144.png */ = {isa = PBXFileReference; lastKnownFileType = image.png; path = Icon-144.png; sourceTree = "<group>"; };
		5087E77817EB970100C73F5D /* Icon-152.png */ = {isa = PBXFileReference; lastKnownFileType = image.png; path = Icon-152.png; sourceTree = "<group>"; };
		5087E77917EB970100C73F5D /* Icon-57.png */ = {isa = PBXFileReference; lastKnownFileType = image.png; path = Icon-57.png; sourceTree = "<group>"; };
		5087E77A17EB970100C73F5D /* Icon-72.png */ = {isa = PBXFileReference; lastKnownFileType = image.png; path = Icon-72.png; sourceTree = "<group>"; };
		5087E77B17EB970100C73F5D /* Icon-76.png */ = {isa = PBXFileReference; lastKnownFileType = image.png; path = Icon-76.png; sourceTree = "<group>"; };
		5087E77C17EB970100C73F5D /* Info.plist */ = {isa = PBXFileReference; fileEncoding = 4; lastKnownFileType = text.plist.xml; path = Info.plist; sourceTree = "<group>"; };
		5087E78817EB974C00C73F5D /* AppKit.framework */ = {isa = PBXFileReference; lastKnownFileType = wrapper.framework; name = AppKit.framework; path = System/Library/Frameworks/AppKit.framework; sourceTree = SDKROOT; };
		5087E78A17EB975400C73F5D /* OpenGL.framework */ = {isa = PBXFileReference; lastKnownFileType = wrapper.framework; name = OpenGL.framework; path = System/Library/Frameworks/OpenGL.framework; sourceTree = SDKROOT; };
		50EF629217ECD46A001EB2F8 /* Icon-40.png */ = {isa = PBXFileReference; lastKnownFileType = image.png; path = Icon-40.png; sourceTree = "<group>"; };
		50EF629317ECD46A001EB2F8 /* Icon-58.png */ = {isa = PBXFileReference; lastKnownFileType = image.png; path = Icon-58.png; sourceTree = "<group>"; };
		50EF629417ECD46A001EB2F8 /* Icon-80.png */ = {isa = PBXFileReference; lastKnownFileType = image.png; path = Icon-80.png; sourceTree = "<group>"; };
		50EF629517ECD46A001EB2F8 /* Icon-100.png */ = {isa = PBXFileReference; lastKnownFileType = image.png; path = Icon-100.png; sourceTree = "<group>"; };
		50EF62A017ECD613001EB2F8 /* Icon-29.png */ = {isa = PBXFileReference; lastKnownFileType = image.png; path = Icon-29.png; sourceTree = "<group>"; };
		50EF62A117ECD613001EB2F8 /* Icon-50.png */ = {isa = PBXFileReference; lastKnownFileType = image.png; path = Icon-50.png; sourceTree = "<group>"; };
		521A8E6219F0C34300D177D7 /* Default-667h@2x.png */ = {isa = PBXFileReference; lastKnownFileType = image.png; path = "Default-667h@2x.png"; sourceTree = "<group>"; };
		521A8E6319F0C34300D177D7 /* Default-736h@3x.png */ = {isa = PBXFileReference; lastKnownFileType = image.png; path = "Default-736h@3x.png"; sourceTree = "<group>"; };
		526F406AB9614090864B8336 /* ar */ = {isa = PBXFileReference; lastKnownFileType = "?"; name = ar; path = plugin_review_res_bundle/ar.lproj/SdkboxReviewResLocalizable.strings; sourceTree = SOURCE_ROOT; };
		52B47A461A53D09B004E4C60 /* Security.framework */ = {isa = PBXFileReference; lastKnownFileType = wrapper.framework; name = Security.framework; path = Platforms/iPhoneOS.platform/Developer/SDKs/iPhoneOS8.1.sdk/System/Library/Frameworks/Security.framework; sourceTree = DEVELOPER_DIR; };
		55D341E892996EA119A5DEF3 /* fi */ = {isa = PBXFileReference; lastKnownFileType = "?"; name = fi; path = plugin_review_res_bundle/fi.lproj/SdkboxReviewResLocalizable.strings; sourceTree = SOURCE_ROOT; };
		5E374F2DB28C162616DED3CA /* nb */ = {isa = PBXFileReference; lastKnownFileType = "?"; name = nb; path = plugin_review_res_bundle/nb.lproj/SdkboxReviewResLocalizable.strings; sourceTree = SOURCE_ROOT; };
		5E824A03BB50070C1A7F5B44 /* fi */ = {isa = PBXFileReference; lastKnownFileType = "?"; name = fi; path = plugin_review_res_bundle/fi.lproj/SdkboxReviewResLocalizable.strings; sourceTree = SOURCE_ROOT; };
		5EA341C98441BE92DFAEF29B /* cs */ = {isa = PBXFileReference; lastKnownFileType = "?"; name = cs; path = plugin_review_res_bundle/cs.lproj/SdkboxReviewResLocalizable.strings; sourceTree = SOURCE_ROOT; };
		5EEE4B028C8CF25255B46BCC /* it */ = {isa = PBXFileReference; lastKnownFileType = "?"; name = it; path = plugin_review_res_bundle/it.lproj/SdkboxReviewResLocalizable.strings; sourceTree = SOURCE_ROOT; };
		62DB4FCF902529B2B7E782A1 /* da */ = {isa = PBXFileReference; lastKnownFileType = "?"; name = da; path = plugin_review_res_bundle/da.lproj/SdkboxReviewResLocalizable.strings; sourceTree = SOURCE_ROOT; };
		6B9D43CB9686CFC84FF4BBB7 /* pt-BR */ = {isa = PBXFileReference; lastKnownFileType = "?"; name = pt-BR; path = plugin_review_res_bundle/pt-BR.lproj/SdkboxReviewResLocalizable.strings; sourceTree = SOURCE_ROOT; };
		6BA84CC1AE9705EEB4B73D0B /* he */ = {isa = PBXFileReference; lastKnownFileType = "?"; name = he; path = plugin_review_res_bundle/he.lproj/SdkboxReviewResLocalizable.strings; sourceTree = SOURCE_ROOT; };
		6C0B4D49ADE1B38081EB9580 /* sk */ = {isa = PBXFileReference; lastKnownFileType = "?"; name = sk; path = plugin_review_res_bundle/sk.lproj/SdkboxReviewResLocalizable.strings; sourceTree = SOURCE_ROOT; };
		6D114317A243669F36353167 /* ro */ = {isa = PBXFileReference; lastKnownFileType = "?"; name = ro; path = plugin_review_res_bundle/ro.lproj/SdkboxReviewResLocalizable.strings; sourceTree = SOURCE_ROOT; };
		6D3A48FFBFE8635CBC37EFD7 /* en */ = {isa = PBXFileReference; lastKnownFileType = "?"; name = en; path = plugin_review_res_bundle/en.lproj/SdkboxReviewResLocalizable.strings; sourceTree = SOURCE_ROOT; };
		6D5E4B84B380749CC1F45ADD /* sv */ = {isa = PBXFileReference; lastKnownFileType = "?"; name = sv; path = plugin_review_res_bundle/sv.lproj/SdkboxReviewResLocalizable.strings; sourceTree = SOURCE_ROOT; };
		6F3B4E19AB73613B5EA76323 /* ca */ = {isa = PBXFileReference; lastKnownFileType = "?"; name = ca; path = plugin_review_res_bundle/ca.lproj/SdkboxReviewResLocalizable.strings; sourceTree = SOURCE_ROOT; };
		70A44488A0811ECD74DD1A96 /* es */ = {isa = PBXFileReference; lastKnownFileType = "?"; name = es; path = plugin_review_res_bundle/es.lproj/SdkboxReviewResLocalizable.strings; sourceTree = SOURCE_ROOT; };
		769F41ABBC82EEE0D992B8EA /* pt */ = {isa = PBXFileReference; lastKnownFileType = "?"; name = pt; path = plugin_review_res_bundle/pt.lproj/SdkboxReviewResLocalizable.strings; sourceTree = SOURCE_ROOT; };
		77D44580AD1394F16CD8D6BC /* nl */ = {isa = PBXFileReference; lastKnownFileType = "?"; name = nl; path = plugin_review_res_bundle/nl.lproj/SdkboxReviewResLocalizable.strings; sourceTree = SOURCE_ROOT; };
		7BBC4F6081F9C1AA29FC6F9D /* sdkbox_config.json */ = {isa = PBXFileReference; lastKnownFileType = text.json; name = sdkbox_config.json; path = ../Resources/sdkbox_config.json; sourceTree = SOURCE_ROOT; };
		7C8443FE98E1A59A28F93354 /* SystemConfiguration.framework */ = {isa = PBXFileReference; lastKnownFileType = wrapper.framework; name = SystemConfiguration.framework; path = Platforms/iPhoneOS.platform/Developer/SDKs/iPhoneOS.sdk/System/Library/Frameworks/SystemConfiguration.framework; sourceTree = DEVELOPER_DIR; };
		7C95438196A083FC9696D823 /* id */ = {isa = PBXFileReference; lastKnownFileType = "?"; name = id; path = plugin_review_res_bundle/id.lproj/SdkboxReviewResLocalizable.strings; sourceTree = SOURCE_ROOT; };
		80804FB99C78C3167B1448CB /* en */ = {isa = PBXFileReference; lastKnownFileType = "?"; name = en; path = plugin_review_res_bundle/en.lproj/SdkboxReviewResLocalizable.strings; sourceTree = SOURCE_ROOT; };
		80F348888678D930D5690F5F /* sv */ = {isa = PBXFileReference; lastKnownFileType = "?"; name = sv; path = plugin_review_res_bundle/sv.lproj/SdkboxReviewResLocalizable.strings; sourceTree = SOURCE_ROOT; };
		814F4E19B5D4DE890FF7019D /* ja */ = {isa = PBXFileReference; lastKnownFileType = "?"; name = ja; path = plugin_review_res_bundle/ja.lproj/SdkboxReviewResLocalizable.strings; sourceTree = SOURCE_ROOT; };
		82CB4D91A7F89D3C59586678 /* pl */ = {isa = PBXFileReference; lastKnownFileType = "?"; name = pl; path = plugin_review_res_bundle/pl.lproj/SdkboxReviewResLocalizable.strings; sourceTree = SOURCE_ROOT; };
		85FD4151A8B8A0DF523E8B96 /* uk */ = {isa = PBXFileReference; lastKnownFileType = "?"; name = uk; path = plugin_review_res_bundle/uk.lproj/SdkboxReviewResLocalizable.strings; sourceTree = SOURCE_ROOT; };
		882F42C5A9D9015B34A6AF63 /* ru */ = {isa = PBXFileReference; lastKnownFileType = "?"; name = ru; path = plugin_review_res_bundle/ru.lproj/SdkboxReviewResLocalizable.strings; sourceTree = SOURCE_ROOT; };
		8A1C40429540D1D36267DCFB /* AdSupport.framework */ = {isa = PBXFileReference; lastKnownFileType = wrapper.framework; name = AdSupport.framework; path = Platforms/iPhoneOS.platform/Developer/SDKs/iPhoneOS.sdk/System/Library/Frameworks/AdSupport.framework; sourceTree = DEVELOPER_DIR; };
		8B5A40D1B7C10FFD5AA8D6D0 /* vi */ = {isa = PBXFileReference; lastKnownFileType = "?"; name = vi; path = plugin_review_res_bundle/vi.lproj/SdkboxReviewResLocalizable.strings; sourceTree = SOURCE_ROOT; };
		8C9745078A54E457E72BDF4D /* fr */ = {isa = PBXFileReference; lastKnownFileType = "?"; name = fr; path = plugin_review_res_bundle/fr.lproj/SdkboxReviewResLocalizable.strings; sourceTree = SOURCE_ROOT; };
		8F114AF9BF60261418D43872 /* ru */ = {isa = PBXFileReference; lastKnownFileType = "?"; name = ru; path = plugin_review_res_bundle/ru.lproj/SdkboxReviewResLocalizable.strings; sourceTree = SOURCE_ROOT; };
		8FA84438A67D9178DDB919F7 /* hu */ = {isa = PBXFileReference; lastKnownFileType = "?"; name = hu; path = plugin_review_res_bundle/hu.lproj/SdkboxReviewResLocalizable.strings; sourceTree = SOURCE_ROOT; };
		90C44BEFBFBEAB3B399CC26C /* pl */ = {isa = PBXFileReference; lastKnownFileType = "?"; name = pl; path = plugin_review_res_bundle/pl.lproj/SdkboxReviewResLocalizable.strings; sourceTree = SOURCE_ROOT; };
		93734F8687E7DD39E2F5F3F8 /* nl */ = {isa = PBXFileReference; lastKnownFileType = "?"; name = nl; path = plugin_review_res_bundle/nl.lproj/SdkboxReviewResLocalizable.strings; sourceTree = SOURCE_ROOT; };
		9466454E9296A6C01813F43C /* hu */ = {isa = PBXFileReference; lastKnownFileType = "?"; name = hu; path = plugin_review_res_bundle/hu.lproj/SdkboxReviewResLocalizable.strings; sourceTree = SOURCE_ROOT; };
		946A4BC9AC34421A42A27278 /* ms */ = {isa = PBXFileReference; lastKnownFileType = "?"; name = ms; path = plugin_review_res_bundle/ms.lproj/SdkboxReviewResLocalizable.strings; sourceTree = SOURCE_ROOT; };
		94824F98B1C28EA5CCF1DB92 /* de */ = {isa = PBXFileReference; lastKnownFileType = "?"; name = de; path = plugin_review_res_bundle/de.lproj/SdkboxReviewResLocalizable.strings; sourceTree = SOURCE_ROOT; };
		978A434B95891A2E1659A703 /* ar */ = {isa = PBXFileReference; lastKnownFileType = "?"; name = ar; path = plugin_review_res_bundle/ar.lproj/SdkboxReviewResLocalizable.strings; sourceTree = SOURCE_ROOT; };
		9B804D93828FC8B28F6C5CB3 /* zh-Hant */ = {isa = PBXFileReference; lastKnownFileType = "?"; name = zh-Hant; path = plugin_review_res_bundle/zh-Hant.lproj/SdkboxReviewResLocalizable.strings; sourceTree = SOURCE_ROOT; };
		A2B34F3DB6F0538E04E641FF /* de */ = {isa = PBXFileReference; lastKnownFileType = "?"; name = de; path = plugin_review_res_bundle/de.lproj/SdkboxReviewResLocalizable.strings; sourceTree = SOURCE_ROOT; };
		A750416C9CF66CAEB81A9C79 /* id */ = {isa = PBXFileReference; lastKnownFileType = "?"; name = id; path = plugin_review_res_bundle/id.lproj/SdkboxReviewResLocalizable.strings; sourceTree = SOURCE_ROOT; };
		ABFC46D4B52C89ADBA1EDE04 /* tr */ = {isa = PBXFileReference; lastKnownFileType = "?"; name = tr; path = plugin_review_res_bundle/tr.lproj/SdkboxReviewResLocalizable.strings; sourceTree = SOURCE_ROOT; };
		AED440A2AF728EA3B05DA314 /* tr */ = {isa = PBXFileReference; lastKnownFileType = "?"; name = tr; path = plugin_review_res_bundle/tr.lproj/SdkboxReviewResLocalizable.strings; sourceTree = SOURCE_ROOT; };
		B186D52C1C02B62D00DF7268 /* CloseNormal.png */ = {isa = PBXFileReference; lastKnownFileType = image.png; path = CloseNormal.png; sourceTree = "<group>"; };
		B186D52D1C02B62D00DF7268 /* CloseSelected.png */ = {isa = PBXFileReference; lastKnownFileType = image.png; path = CloseSelected.png; sourceTree = "<group>"; };
		B186D52E1C02B62D00DF7268 /* fonts */ = {isa = PBXFileReference; lastKnownFileType = folder; path = fonts; sourceTree = "<group>"; };
		B186D52F1C02B62D00DF7268 /* HelloWorld.png */ = {isa = PBXFileReference; lastKnownFileType = image.png; path = HelloWorld.png; sourceTree = "<group>"; };
		B1F948639461B41A23F8B36E /* he */ = {isa = PBXFileReference; lastKnownFileType = "?"; name = he; path = plugin_review_res_bundle/he.lproj/SdkboxReviewResLocalizable.strings; sourceTree = SOURCE_ROOT; };
		B58D4B949F65BEB7C93A996A /* ko */ = {isa = PBXFileReference; lastKnownFileType = "?"; name = ko; path = plugin_review_res_bundle/ko.lproj/SdkboxReviewResLocalizable.strings; sourceTree = SOURCE_ROOT; };
		B6574113B110168DFF3C78FB /* es */ = {isa = PBXFileReference; lastKnownFileType = "?"; name = es; path = plugin_review_res_bundle/es.lproj/SdkboxReviewResLocalizable.strings; sourceTree = SOURCE_ROOT; };
		B7044998A0F374B36FC50DC3 /* ms */ = {isa = PBXFileReference; lastKnownFileType = "?"; name = ms; path = plugin_review_res_bundle/ms.lproj/SdkboxReviewResLocalizable.strings; sourceTree = SOURCE_ROOT; };
		B7E44B47B07B5F0E5DFD87AC /* th */ = {isa = PBXFileReference; lastKnownFileType = "?"; name = th; path = plugin_review_res_bundle/th.lproj/SdkboxReviewResLocalizable.strings; sourceTree = SOURCE_ROOT; };
		BC99450BBB113E994FC2E353 /* th */ = {isa = PBXFileReference; lastKnownFileType = "?"; name = th; path = plugin_review_res_bundle/th.lproj/SdkboxReviewResLocalizable.strings; sourceTree = SOURCE_ROOT; };
		BF170DB012928DE900B8313A /* OpenGLES.framework */ = {isa = PBXFileReference; lastKnownFileType = wrapper.framework; name = OpenGLES.framework; path = System/Library/Frameworks/OpenGLES.framework; sourceTree = SDKROOT; };
		BF170DB412928DE900B8313A /* libz.dylib */ = {isa = PBXFileReference; lastKnownFileType = compiled.mach-o.dylib; name = libz.dylib; path = usr/lib/libz.dylib; sourceTree = SDKROOT; };
		BF1C47EA1293683800B63C5D /* QuartzCore.framework */ = {isa = PBXFileReference; lastKnownFileType = wrapper.framework; name = QuartzCore.framework; path = System/Library/Frameworks/QuartzCore.framework; sourceTree = SDKROOT; };
		BF334DFEAAF1BE8C670EB51B /* zh-Hans */ = {isa = PBXFileReference; lastKnownFileType = "?"; name = zh-Hans; path = plugin_review_res_bundle/zh-Hans.lproj/SdkboxReviewResLocalizable.strings; sourceTree = SOURCE_ROOT; };
		C023439BA1216A3E7936C28B /* ro */ = {isa = PBXFileReference; lastKnownFileType = "?"; name = ro; path = plugin_review_res_bundle/ro.lproj/SdkboxReviewResLocalizable.strings; sourceTree = SOURCE_ROOT; };
		C5694AD59D81263D35737F73 /* cs */ = {isa = PBXFileReference; lastKnownFileType = "?"; name = cs; path = plugin_review_res_bundle/cs.lproj/SdkboxReviewResLocalizable.strings; sourceTree = SOURCE_ROOT; };
		C6674BFFBC16F325CF5008A3 /* it */ = {isa = PBXFileReference; lastKnownFileType = "?"; name = it; path = plugin_review_res_bundle/it.lproj/SdkboxReviewResLocalizable.strings; sourceTree = SOURCE_ROOT; };
		CCE040C39D4F0CEB2DA1D193 /* uk */ = {isa = PBXFileReference; lastKnownFileType = "?"; name = uk; path = plugin_review_res_bundle/uk.lproj/SdkboxReviewResLocalizable.strings; sourceTree = SOURCE_ROOT; };
		D0854CC694F6FB171770F0C9 /* nl */ = {isa = PBXFileReference; lastKnownFileType = "?"; name = nl; path = plugin_review_res_bundle/nl.lproj/SdkboxReviewResLocalizable.strings; sourceTree = SOURCE_ROOT; };
		D0D54939AE816DABADE00AC1 /* sdkbox.framework */ = {isa = PBXFileReference; lastKnownFileType = wrapper.framework; path = sdkbox.framework; sourceTree = SOURCE_ROOT; };
		D3914062B0C413076A85967C /* pl */ = {isa = PBXFileReference; lastKnownFileType = "?"; name = pl; path = plugin_review_res_bundle/pl.lproj/SdkboxReviewResLocalizable.strings; sourceTree = SOURCE_ROOT; };
		D44C620B132DFF330009C878 /* OpenAL.framework */ = {isa = PBXFileReference; lastKnownFileType = wrapper.framework; name = OpenAL.framework; path = System/Library/Frameworks/OpenAL.framework; sourceTree = SDKROOT; };
		D44C620D132DFF430009C878 /* AVFoundation.framework */ = {isa = PBXFileReference; lastKnownFileType = wrapper.framework; name = AVFoundation.framework; path = System/Library/Frameworks/AVFoundation.framework; sourceTree = SDKROOT; };
		D44C620F132DFF4E0009C878 /* AudioToolbox.framework */ = {isa = PBXFileReference; lastKnownFileType = wrapper.framework; name = AudioToolbox.framework; path = System/Library/Frameworks/AudioToolbox.framework; sourceTree = SDKROOT; };
		D69646A2A11FDAFE1D088CCF /* th */ = {isa = PBXFileReference; lastKnownFileType = "?"; name = th; path = plugin_review_res_bundle/th.lproj/SdkboxReviewResLocalizable.strings; sourceTree = SOURCE_ROOT; };
		D6B0611A1803AB670077942B /* CoreMotion.framework */ = {isa = PBXFileReference; lastKnownFileType = wrapper.framework; name = CoreMotion.framework; path = Platforms/iPhoneOS.platform/Developer/SDKs/iPhoneOS7.0.sdk/System/Library/Frameworks/CoreMotion.framework; sourceTree = DEVELOPER_DIR; };
		D75C444EBA2F1090A5505C7C /* ms */ = {isa = PBXFileReference; lastKnownFileType = "?"; name = ms; path = plugin_review_res_bundle/ms.lproj/SdkboxReviewResLocalizable.strings; sourceTree = SOURCE_ROOT; };
		D8464CD2BAFFF0A00EB560BE /* el */ = {isa = PBXFileReference; lastKnownFileType = "?"; name = el; path = plugin_review_res_bundle/el.lproj/SdkboxReviewResLocalizable.strings; sourceTree = SOURCE_ROOT; };
		DC1646AB803B25B50F2FF9F8 /* de */ = {isa = PBXFileReference; lastKnownFileType = "?"; name = de; path = plugin_review_res_bundle/de.lproj/SdkboxReviewResLocalizable.strings; sourceTree = SOURCE_ROOT; };
		E6E2497295D5979698A9B9D2 /* nb */ = {isa = PBXFileReference; lastKnownFileType = "?"; name = nb; path = plugin_review_res_bundle/nb.lproj/SdkboxReviewResLocalizable.strings; sourceTree = SOURCE_ROOT; };
		E7F644AAA58DA13AA51E26E7 /* zh-Hans */ = {isa = PBXFileReference; lastKnownFileType = "?"; name = zh-Hans; path = plugin_review_res_bundle/zh-Hans.lproj/SdkboxReviewResLocalizable.strings; sourceTree = SOURCE_ROOT; };
		EB8549BDBAF44CA455BAA60D /* he */ = {isa = PBXFileReference; lastKnownFileType = "?"; name = he; path = plugin_review_res_bundle/he.lproj/SdkboxReviewResLocalizable.strings; sourceTree = SOURCE_ROOT; };
		EFA846959854833AEE64B8CB /* hu */ = {isa = PBXFileReference; lastKnownFileType = "?"; name = hu; path = plugin_review_res_bundle/hu.lproj/SdkboxReviewResLocalizable.strings; sourceTree = SOURCE_ROOT; };
		F1524FECA61CE649B3E84CB6 /* nb */ = {isa = PBXFileReference; lastKnownFileType = "?"; name = nb; path = plugin_review_res_bundle/nb.lproj/SdkboxReviewResLocalizable.strings; sourceTree = SOURCE_ROOT; };
		F18E46B1832DF8A739648B09 /* da */ = {isa = PBXFileReference; lastKnownFileType = "?"; name = da; path = plugin_review_res_bundle/da.lproj/SdkboxReviewResLocalizable.strings; sourceTree = SOURCE_ROOT; };
		F37645C3B4C4A9D791C4379F /* ro */ = {isa = PBXFileReference; lastKnownFileType = "?"; name = ro; path = plugin_review_res_bundle/ro.lproj/SdkboxReviewResLocalizable.strings; sourceTree = SOURCE_ROOT; };
		F3F44AF5AB9BAE50C1810A87 /* StoreKit.framework */ = {isa = PBXFileReference; lastKnownFileType = wrapper.framework; name = StoreKit.framework; path = Platforms/iPhoneOS.platform/Developer/SDKs/iPhoneOS.sdk/System/Library/Frameworks/StoreKit.framework; sourceTree = DEVELOPER_DIR; };
		F72B40DF8BFD26C134D7F353 /* id */ = {isa = PBXFileReference; lastKnownFileType = "?"; name = id; path = plugin_review_res_bundle/id.lproj/SdkboxReviewResLocalizable.strings; sourceTree = SOURCE_ROOT; };
		F7BF48D9ACDF543B8794BB15 /* sv */ = {isa = PBXFileReference; lastKnownFileType = "?"; name = sv; path = plugin_review_res_bundle/sv.lproj/SdkboxReviewResLocalizable.strings; sourceTree = SOURCE_ROOT; };
		F8464EFFAA0AC095175E8C66 /* es */ = {isa = PBXFileReference; lastKnownFileType = "?"; name = es; path = plugin_review_res_bundle/es.lproj/SdkboxReviewResLocalizable.strings; sourceTree = SOURCE_ROOT; };
		F95B48A99259DF47773FC8FC /* pt-BR */ = {isa = PBXFileReference; lastKnownFileType = "?"; name = pt-BR; path = plugin_review_res_bundle/pt-BR.lproj/SdkboxReviewResLocalizable.strings; sourceTree = SOURCE_ROOT; };
		FBC44D66992F610226AAA7C0 /* vi */ = {isa = PBXFileReference; lastKnownFileType = "?"; name = vi; path = plugin_review_res_bundle/vi.lproj/SdkboxReviewResLocalizable.strings; sourceTree = SOURCE_ROOT; };
		FBC5447CA85E735A49913672 /* fi */ = {isa = PBXFileReference; lastKnownFileType = "?"; name = fi; path = plugin_review_res_bundle/fi.lproj/SdkboxReviewResLocalizable.strings; sourceTree = SOURCE_ROOT; };
		FBC74554BDC8D6E4592301D4 /* tr */ = {isa = PBXFileReference; lastKnownFileType = "?"; name = tr; path = plugin_review_res_bundle/tr.lproj/SdkboxReviewResLocalizable.strings; sourceTree = SOURCE_ROOT; };
		FC3649D4B0AD53057F1203C1 /* zh-Hans */ = {isa = PBXFileReference; lastKnownFileType = "?"; name = zh-Hans; path = plugin_review_res_bundle/zh-Hans.lproj/SdkboxReviewResLocalizable.strings; sourceTree = SOURCE_ROOT; };
/* End PBXFileReference section */

/* Begin PBXFrameworksBuildPhase section */
		1D60588F0D05DD3D006BFB54 /* Frameworks */ = {
			isa = PBXFrameworksBuildPhase;
			buildActionMask = 2147483647;
			files = (
				192977141BB22CF10002DFFC /* CFNetwork.framework */,
				52B47A471A53D09C004E4C60 /* Security.framework */,
				D6B0611B1803AB670077942B /* CoreMotion.framework */,
				1D60589F0D05DD5A006BFB54 /* Foundation.framework */,
				1DF5F4E00D08C38300B7A737 /* UIKit.framework */,
				288765A50DF7441C002DB57D /* CoreGraphics.framework */,
				BF171245129291EC00B8313A /* OpenGLES.framework */,
				BF1712471292920000B8313A /* libz.dylib */,
				BF1C47F01293687400B63C5D /* QuartzCore.framework */,
				D44C620C132DFF330009C878 /* OpenAL.framework */,
				D44C620E132DFF430009C878 /* AVFoundation.framework */,
				D44C6210132DFF4E0009C878 /* AudioToolbox.framework */,
				1E4146BB8C923CA52DB7FFF8 /* libcocos2d iOS.a */,
				167F4F8EB4C72DC486F96BA7 /* sdkbox.framework */,
				F53A41179E83975516186002 /* PluginReview.framework */,
				A68849D5BF91449066AB268B /* SystemConfiguration.framework */,
				DC2B4D529934E52F27FCF0D4 /* AdSupport.framework */,
				2C134685A3495550C1C3733E /* StoreKit.framework */,
			);
			runOnlyForDeploymentPostprocessing = 0;
		};
		5087E75C17EB910900C73F5D /* Frameworks */ = {
			isa = PBXFrameworksBuildPhase;
			buildActionMask = 2147483647;
			files = (
				5087E76717EB910900C73F5D /* libz.dylib */,
				503AE11B17EB9C5A00D1A890 /* IOKit.framework */,
				5087E78B17EB975400C73F5D /* OpenGL.framework */,
				5087E78917EB974C00C73F5D /* AppKit.framework */,
				5087E76317EB910900C73F5D /* Foundation.framework */,
				5087E76817EB910900C73F5D /* QuartzCore.framework */,
				5087E76917EB910900C73F5D /* OpenAL.framework */,
				5087E76A17EB910900C73F5D /* AVFoundation.framework */,
				5087E76B17EB910900C73F5D /* AudioToolbox.framework */,
			);
			runOnlyForDeploymentPostprocessing = 0;
		};
/* End PBXFrameworksBuildPhase section */

/* Begin PBXGroup section */
		080E96DDFE201D6D7F000001 /* ios */ = {
			isa = PBXGroup;
			children = (
				5087E77117EB970100C73F5D /* Icons */,
				503AE0FA17EB989F00D1A890 /* AppController.h */,
				503AE0FB17EB989F00D1A890 /* AppController.mm */,
				503AE0FC17EB989F00D1A890 /* main.m */,
				503AE0FD17EB989F00D1A890 /* Prefix.pch */,
				503AE0FE17EB989F00D1A890 /* RootViewController.h */,
				503AE0FF17EB989F00D1A890 /* RootViewController.mm */,
			);
			name = ios;
			path = Classes;
			sourceTree = "<group>";
		};
		105E4ABAA45E806782AFDBF0 /* ios-libs */ = {
			isa = PBXGroup;
			children = (
				36C64C27B51AFFE8FF5464D4 /* libcocos2d iOS.a */,
			);
			name = ios-libs;
			sourceTree = "<group>";
		};
		19C28FACFE9D520D11CA2CBB /* Products */ = {
			isa = PBXGroup;
			children = (
				1D6058910D05DD3D006BFB54 /* cpp iOS.app */,
				5087E76F17EB910900C73F5D /* cpp Mac.app */,
			);
			name = Products;
			sourceTree = "<group>";
		};
		29B97314FDCFA39411CA2CEA /* CustomTemplate */ = {
			isa = PBXGroup;
			children = (
				46880B8319C43A87006E1F66 /* Classes */,
				46880B7519C43A67006E1F66 /* Resources */,
				29B97323FDCFA39411CA2CEA /* Frameworks */,
				080E96DDFE201D6D7F000001 /* ios */,
				19C28FACFE9D520D11CA2CBB /* Products */,
				105E4ABAA45E806782AFDBF0 /* ios-libs */,
				497B4AF18D6B9D2205A8D805 /* plugin_review_res_bundle */,
			);
			name = CustomTemplate;
			sourceTree = "<group>";
		};
		29B97323FDCFA39411CA2CEA /* Frameworks */ = {
			isa = PBXGroup;
			children = (
				192977131BB22CF10002DFFC /* CFNetwork.framework */,
				52B47A461A53D09B004E4C60 /* Security.framework */,
				D6B0611A1803AB670077942B /* CoreMotion.framework */,
				503AE11A17EB9C5A00D1A890 /* IOKit.framework */,
				503AE11117EB99EE00D1A890 /* libcurl.dylib */,
				5087E78A17EB975400C73F5D /* OpenGL.framework */,
				5087E78817EB974C00C73F5D /* AppKit.framework */,
				1ACB3243164770DE00914215 /* libcurl.a */,
				BF170DB412928DE900B8313A /* libz.dylib */,
				D44C620F132DFF4E0009C878 /* AudioToolbox.framework */,
				D44C620D132DFF430009C878 /* AVFoundation.framework */,
				288765A40DF7441C002DB57D /* CoreGraphics.framework */,
				1D30AB110D05D00D00671497 /* Foundation.framework */,
				D44C620B132DFF330009C878 /* OpenAL.framework */,
				BF170DB012928DE900B8313A /* OpenGLES.framework */,
				BF1C47EA1293683800B63C5D /* QuartzCore.framework */,
				1DF5F4DF0D08C38300B7A737 /* UIKit.framework */,
				D0D54939AE816DABADE00AC1 /* sdkbox.framework */,
				1BB14776930A5E3557D4675A /* PluginReview.framework */,
				7C8443FE98E1A59A28F93354 /* SystemConfiguration.framework */,
				8A1C40429540D1D36267DCFB /* AdSupport.framework */,
				F3F44AF5AB9BAE50C1810A87 /* StoreKit.framework */,
			);
			name = Frameworks;
			sourceTree = "<group>";
		};
		46880B7519C43A67006E1F66 /* Resources */ = {
			isa = PBXGroup;
			children = (
				B186D52C1C02B62D00DF7268 /* CloseNormal.png */,
				B186D52D1C02B62D00DF7268 /* CloseSelected.png */,
				B186D52E1C02B62D00DF7268 /* fonts */,
				B186D52F1C02B62D00DF7268 /* HelloWorld.png */,
				0F3A4B559B3019F2C7B0E080 /* res */,
				7BBC4F6081F9C1AA29FC6F9D /* sdkbox_config.json */,
			);
			name = Resources;
			path = ../Resources;
			sourceTree = "<group>";
		};
		46880B8319C43A87006E1F66 /* Classes */ = {
			isa = PBXGroup;
			children = (
				46880B8419C43A87006E1F66 /* AppDelegate.cpp */,
				46880B8519C43A87006E1F66 /* AppDelegate.h */,
				46880B8619C43A87006E1F66 /* HelloWorldScene.cpp */,
				46880B8719C43A87006E1F66 /* HelloWorldScene.h */,
			);
			name = Classes;
			path = ../Classes;
			sourceTree = "<group>";
		};
		497B4AF18D6B9D2205A8D805 /* plugin_review_res_bundle */ = {
			isa = PBXGroup;
			children = (
				10E84E1FA4BD4806B56900E1 /* SdkboxReviewResLocalizable.strings */,
			);
			name = plugin_review_res_bundle;
			path = plugin_review_res_bundle/;
			sourceTree = SOURCE_ROOT;
		};
		5087E77117EB970100C73F5D /* Icons */ = {
			isa = PBXGroup;
			children = (
				521A8E6219F0C34300D177D7 /* Default-667h@2x.png */,
				521A8E6319F0C34300D177D7 /* Default-736h@3x.png */,
				5087E77217EB970100C73F5D /* Default-568h@2x.png */,
				5087E77317EB970100C73F5D /* Default.png */,
				5087E77417EB970100C73F5D /* Default@2x.png */,
				50EF62A017ECD613001EB2F8 /* Icon-29.png */,
				50EF62A117ECD613001EB2F8 /* Icon-50.png */,
				50EF629217ECD46A001EB2F8 /* Icon-40.png */,
				50EF629317ECD46A001EB2F8 /* Icon-58.png */,
				50EF629417ECD46A001EB2F8 /* Icon-80.png */,
				50EF629517ECD46A001EB2F8 /* Icon-100.png */,
				5087E77517EB970100C73F5D /* Icon-114.png */,
				5087E77617EB970100C73F5D /* Icon-120.png */,
				5087E77717EB970100C73F5D /* Icon-144.png */,
				5087E77817EB970100C73F5D /* Icon-152.png */,
				5087E77917EB970100C73F5D /* Icon-57.png */,
				5087E77A17EB970100C73F5D /* Icon-72.png */,
				5087E77B17EB970100C73F5D /* Icon-76.png */,
				5087E77C17EB970100C73F5D /* Info.plist */,
			);
			name = Icons;
			path = ios;
			sourceTree = SOURCE_ROOT;
		};
/* End PBXGroup section */

/* Begin PBXNativeTarget section */
		1D6058900D05DD3D006BFB54 /* cpp iOS */ = {
			isa = PBXNativeTarget;
			buildConfigurationList = 1D6058960D05DD3E006BFB54 /* Build configuration list for PBXNativeTarget "cpp iOS" */;
			buildPhases = (
				1D60588D0D05DD3D006BFB54 /* Resources */,
				1D60588E0D05DD3D006BFB54 /* Sources */,
				1D60588F0D05DD3D006BFB54 /* Frameworks */,
			);
			buildRules = (
			);
			dependencies = (
			);
			name = "cpp iOS";
			productName = iphone;
			productReference = 1D6058910D05DD3D006BFB54 /* cpp iOS.app */;
			productType = com.apple.product-type.application;
		};
		5087E73D17EB910900C73F5D /* cpp Mac */ = {
			isa = PBXNativeTarget;
			buildConfigurationList = 5087E76C17EB910900C73F5D /* Build configuration list for PBXNativeTarget "cpp Mac" */;
			buildPhases = (
				5087E74817EB910900C73F5D /* Resources */,
				5087E75617EB910900C73F5D /* Sources */,
				5087E75C17EB910900C73F5D /* Frameworks */,
			);
			buildRules = (
			);
			dependencies = (
			);
			name = "cpp Mac";
			productName = iphone;
			productReference = 5087E76F17EB910900C73F5D /* cpp Mac.app */;
			productType = com.apple.product-type.application;
		};
/* End PBXNativeTarget section */

/* Begin PBXProject section */
		29B97313FDCFA39411CA2CEA /* Project Object */ = {
			isa = PBXProject;
			attributes = {
				LastUpgradeCheck = 0500;
				TargetAttributes = {
					1D6058900D05DD3D006BFB54 = {
						DevelopmentTeam = MDDB52YB8L;
					};
				};
			};
			buildConfigurationList = C01FCF4E08A954540054247B /* Build configuration list for PBXNativeTarget "TARGET_NAME" */;
			compatibilityVersion = "Xcode 3.2";
			developmentRegion = English;
			hasScannedForEncodings = 1;
			knownRegions = (
				English,
				Japanese,
				French,
				German,
			);
			mainGroup = 29B97314FDCFA39411CA2CEA /* CustomTemplate */;
			projectDirPath = "";
			projectRoot = "";
			targets = (
				1D6058900D05DD3D006BFB54 /* cpp iOS */,
				5087E73D17EB910900C73F5D /* cpp Mac */,
			);
		};
/* End PBXProject section */

/* Begin PBXResourcesBuildPhase section */
		1D60588D0D05DD3D006BFB54 /* Resources */ = {
			isa = PBXResourcesBuildPhase;
			buildActionMask = 2147483647;
			files = (
				5087E78117EB970100C73F5D /* Icon-120.png */,
				5087E78617EB970100C73F5D /* Icon-76.png */,
				5087E77F17EB970100C73F5D /* Default@2x.png */,
				50EF629917ECD46A001EB2F8 /* Icon-100.png */,
				5087E78317EB970100C73F5D /* Icon-152.png */,
				5087E77D17EB970100C73F5D /* Default-568h@2x.png */,
				5087E78517EB970100C73F5D /* Icon-72.png */,
				B186D5311C02B62D00DF7268 /* CloseSelected.png */,
				521A8E6519F0C34300D177D7 /* Default-736h@3x.png */,
				50EF62A317ECD613001EB2F8 /* Icon-50.png */,
				5087E78017EB970100C73F5D /* Icon-114.png */,
				50EF62A217ECD613001EB2F8 /* Icon-29.png */,
				50EF629617ECD46A001EB2F8 /* Icon-40.png */,
				5087E78217EB970100C73F5D /* Icon-144.png */,
				B186D5301C02B62D00DF7268 /* CloseNormal.png */,
				B186D5331C02B62D00DF7268 /* HelloWorld.png */,
				B186D5321C02B62D00DF7268 /* fonts */,
				50EF629817ECD46A001EB2F8 /* Icon-80.png */,
				5087E78417EB970100C73F5D /* Icon-57.png */,
				5087E77E17EB970100C73F5D /* Default.png */,
				521A8E6419F0C34300D177D7 /* Default-667h@2x.png */,
				50EF629717ECD46A001EB2F8 /* Icon-58.png */,
				6F184B438EFB81222AF34B2C /* res */,
				9F584E3D8A77D85BB6045A0A /* SdkboxReviewResLocalizable.strings */,
				3ED945F0BDD5DCE9B0D932D4 /* sdkbox_config.json */,
			);
			runOnlyForDeploymentPostprocessing = 0;
		};
		5087E74817EB910900C73F5D /* Resources */ = {
			isa = PBXResourcesBuildPhase;
			buildActionMask = 2147483647;
			files = (
				3F0F4FE7BFD23C718A7344DE /* res */,
			);
			runOnlyForDeploymentPostprocessing = 0;
		};
/* End PBXResourcesBuildPhase section */

/* Begin PBXSourcesBuildPhase section */
		1D60588E0D05DD3D006BFB54 /* Sources */ = {
			isa = PBXSourcesBuildPhase;
			buildActionMask = 2147483647;
			files = (
				46880B8819C43A87006E1F66 /* AppDelegate.cpp */,
				46880B8A19C43A87006E1F66 /* HelloWorldScene.cpp */,
				503AE10017EB989F00D1A890 /* AppController.mm */,
				503AE10217EB989F00D1A890 /* RootViewController.mm */,
				503AE10117EB989F00D1A890 /* main.m */,
			);
			runOnlyForDeploymentPostprocessing = 0;
		};
		5087E75617EB910900C73F5D /* Sources */ = {
			isa = PBXSourcesBuildPhase;
			buildActionMask = 2147483647;
			files = (
				46880B8919C43A87006E1F66 /* AppDelegate.cpp */,
				46880B8B19C43A87006E1F66 /* HelloWorldScene.cpp */,
			);
			runOnlyForDeploymentPostprocessing = 0;
		};
/* End PBXSourcesBuildPhase section */

/* Begin XCBuildConfiguration section */
		1D6058940D05DD3E006BFB54 /* Debug */ = {
			isa = XCBuildConfiguration;
			buildSettings = {
				ALWAYS_SEARCH_USER_PATHS = YES;
				CODE_SIGN_IDENTITY = "iPhone Developer";
				COMPRESS_PNG_FILES = NO;
				FRAMEWORK_SEARCH_PATHS = "\"$(SRCROOT)\"";
				GCC_DYNAMIC_NO_PIC = NO;
				GCC_INLINES_ARE_PRIVATE_EXTERN = NO;
				GCC_PRECOMPILE_PREFIX_HEADER = YES;
				GCC_PREFIX_HEADER = ios/Prefix.pch;
				GCC_PREPROCESSOR_DEFINITIONS = (
					USE_FILE32API,
					CC_TARGET_OS_IPHONE,
					"COCOS2D_DEBUG=1",
					"CC_ENABLE_CHIPMUNK_INTEGRATION=1",
				);
				GCC_SYMBOLS_PRIVATE_EXTERN = NO;
				HEADER_SEARCH_PATHS = (
					"$(inherited)",
					../../cocos2d-x-3.6-lib/cocos/platform/ios,
					../../cocos2d-x-3.6-lib/cocos/platform/ios/Simulation,
				);
				INFOPLIST_FILE = ios/Info.plist;
				IPHONEOS_DEPLOYMENT_TARGET = 5.0;
				LIBRARY_SEARCH_PATHS = (
					../../cocos2d-x-3.6-lib/prebuilt/ios,
					"\"sdkbox.framework\"",
					"\"PluginReview.framework\"",
				);
				OTHER_CFLAGS = -DSDKBOX_ENABLED;
				OTHER_LDFLAGS = (
					"$(_COCOS_LIB_IOS_BEGIN)",
					"$(_COCOS_LIB_IOS_END)",
				);
				SDKROOT = iphoneos;
				TARGETED_DEVICE_FAMILY = "1,2";
				USER_HEADER_SEARCH_PATHS = "$(_COCOS_HEADER_IOS_BEGIN) $(_COCOS_HEADER_IOS_END)";
				VALID_ARCHS = "arm64 armv7";
			};
			name = Debug;
		};
		1D6058950D05DD3E006BFB54 /* Release */ = {
			isa = XCBuildConfiguration;
			buildSettings = {
				ALWAYS_SEARCH_USER_PATHS = YES;
				CODE_SIGN_IDENTITY = "iPhone Developer";
				COMPRESS_PNG_FILES = NO;
				FRAMEWORK_SEARCH_PATHS = "\"$(SRCROOT)\"";
				GCC_INLINES_ARE_PRIVATE_EXTERN = NO;
				GCC_PRECOMPILE_PREFIX_HEADER = YES;
				GCC_PREFIX_HEADER = ios/Prefix.pch;
				GCC_PREPROCESSOR_DEFINITIONS = (
					USE_FILE32API,
					CC_TARGET_OS_IPHONE,
					"CC_ENABLE_CHIPMUNK_INTEGRATION=1",
				);
				GCC_SYMBOLS_PRIVATE_EXTERN = NO;
				HEADER_SEARCH_PATHS = (
					"$(inherited)",
					../../cocos2d-x-3.6-lib/cocos/platform/ios,
					../../cocos2d-x-3.6-lib/cocos/platform/ios/Simulation,
				);
				INFOPLIST_FILE = ios/Info.plist;
				IPHONEOS_DEPLOYMENT_TARGET = 5.0;
				LIBRARY_SEARCH_PATHS = (
					../../cocos2d-x-3.6-lib/prebuilt/ios,
					"\"sdkbox.framework\"",
					"\"PluginReview.framework\"",
				);
				OTHER_CFLAGS = -DSDKBOX_ENABLED;
				OTHER_LDFLAGS = (
					"$(_COCOS_LIB_IOS_BEGIN)",
					"$(_COCOS_LIB_IOS_END)",
				);
				SDKROOT = iphoneos;
				TARGETED_DEVICE_FAMILY = "1,2";
				USER_HEADER_SEARCH_PATHS = "$(_COCOS_HEADER_IOS_BEGIN) $(_COCOS_HEADER_IOS_END)";
				VALID_ARCHS = "arm64 armv7";
			};
			name = Release;
		};
		5087E76D17EB910900C73F5D /* Debug */ = {
			isa = XCBuildConfiguration;
			buildSettings = {
				ALWAYS_SEARCH_USER_PATHS = YES;
				ARCHS = "$(ARCHS_STANDARD_64_BIT)";
				CLANG_CXX_LANGUAGE_STANDARD = "c++0x";
				CLANG_CXX_LIBRARY = "libc++";
				GCC_DYNAMIC_NO_PIC = NO;
				GCC_INLINES_ARE_PRIVATE_EXTERN = NO;
				GCC_PRECOMPILE_PREFIX_HEADER = YES;
				GCC_PREFIX_HEADER = mac/Prefix.pch;
				GCC_PREPROCESSOR_DEFINITIONS = (
					USE_FILE32API,
					CC_TARGET_OS_MAC,
					"COCOS2D_DEBUG=1",
					"CC_ENABLE_CHIPMUNK_INTEGRATION=1",
				);
				GCC_SYMBOLS_PRIVATE_EXTERN = NO;
				HEADER_SEARCH_PATHS = (
					"$(inherited)",
					../../cocos2d-x-3.6-lib/cocos/platform/mac,
					../../cocos2d-x-3.6-lib/external/glfw3/include/mac,
				);
				INFOPLIST_FILE = mac/Info.plist;
				LIBRARY_SEARCH_PATHS = " ../../cocos2d-x-3.6-lib/prebuilt/mac";
				OTHER_LDFLAGS = (
					"$(_COCOS_LIB_MAC_BEGIN)",
					"$(_COCOS_LIB_MAC_END)",
				);
				USER_HEADER_SEARCH_PATHS = "$(_COCOS_HEADER_MAC_BEGIN) $(_COCOS_HEADER_MAC_END)";
			};
			name = Debug;
		};
		5087E76E17EB910900C73F5D /* Release */ = {
			isa = XCBuildConfiguration;
			buildSettings = {
				ALWAYS_SEARCH_USER_PATHS = YES;
				ARCHS = "$(ARCHS_STANDARD_64_BIT)";
				CLANG_CXX_LANGUAGE_STANDARD = "c++0x";
				CLANG_CXX_LIBRARY = "libc++";
				GCC_INLINES_ARE_PRIVATE_EXTERN = NO;
				GCC_PRECOMPILE_PREFIX_HEADER = YES;
				GCC_PREFIX_HEADER = mac/Prefix.pch;
				GCC_PREPROCESSOR_DEFINITIONS = (
					USE_FILE32API,
					CC_TARGET_OS_MAC,
					"CC_ENABLE_CHIPMUNK_INTEGRATION=1",
				);
				GCC_SYMBOLS_PRIVATE_EXTERN = NO;
				HEADER_SEARCH_PATHS = (
					"$(inherited)",
					../../cocos2d-x-3.6-lib/cocos/platform/mac,
					../../cocos2d-x-3.6-lib/external/glfw3/include/mac,
				);
				INFOPLIST_FILE = mac/Info.plist;
				LIBRARY_SEARCH_PATHS = " ../../cocos2d-x-3.6-lib/prebuilt/mac";
				OTHER_LDFLAGS = (
					"$(_COCOS_LIB_MAC_BEGIN)",
					"$(_COCOS_LIB_MAC_END)",
				);
				USER_HEADER_SEARCH_PATHS = "$(_COCOS_HEADER_MAC_BEGIN) $(_COCOS_HEADER_MAC_END)";
			};
			name = Release;
		};
		C01FCF4F08A954540054247B /* Debug */ = {
			isa = XCBuildConfiguration;
			buildSettings = {
				CLANG_CXX_LANGUAGE_STANDARD = "c++0x";
				CLANG_CXX_LIBRARY = "libc++";
				COPY_PHASE_STRIP = NO;
				GCC_OPTIMIZATION_LEVEL = 0;
				GCC_WARN_ABOUT_RETURN_TYPE = YES;
				GCC_WARN_UNUSED_VARIABLE = YES;
				HEADER_SEARCH_PATHS = (
					../../cocos2d-x-3.6-lib,
					../../cocos2d-x-3.6-lib/cocos,
					../../cocos2d-x-3.6-lib/cocos/base,
					../../cocos2d-x-3.6-lib/cocos/physics,
					../../cocos2d-x-3.6-lib/cocos/math,
					../../cocos2d-x-3.6-lib/cocos/2d,
					../../cocos2d-x-3.6-lib/cocos/ui,
					../../cocos2d-x-3.6-lib/cocos/network,
					../../cocos2d-x-3.6-lib/cocos/audio/include,
					../../cocos2d-x-3.6-lib/cocos/editor-support,
					../../cocos2d-x-3.6-lib/extensions,
					../../cocos2d-x-3.6-lib/external,
					../../cocos2d-x-3.6-lib/external/chipmunk/include/chipmunk,
				);
				MACOSX_DEPLOYMENT_TARGET = 10.7;
				ONLY_ACTIVE_ARCH = YES;
				PRODUCT_NAME = "$(TARGET_NAME)";
				SDKROOT = macosx;
			};
			name = Debug;
		};
		C01FCF5008A954540054247B /* Release */ = {
			isa = XCBuildConfiguration;
			buildSettings = {
				CLANG_CXX_LANGUAGE_STANDARD = "c++0x";
				CLANG_CXX_LIBRARY = "libc++";
				GCC_WARN_ABOUT_RETURN_TYPE = YES;
				GCC_WARN_UNUSED_VARIABLE = YES;
				HEADER_SEARCH_PATHS = (
					../../cocos2d-x-3.6-lib,
					../../cocos2d-x-3.6-lib/cocos,
					../../cocos2d-x-3.6-lib/cocos/base,
					../../cocos2d-x-3.6-lib/cocos/physics,
					../../cocos2d-x-3.6-lib/cocos/math,
					../../cocos2d-x-3.6-lib/cocos/2d,
					../../cocos2d-x-3.6-lib/cocos/ui,
					../../cocos2d-x-3.6-lib/cocos/network,
					../../cocos2d-x-3.6-lib/cocos/audio/include,
					../../cocos2d-x-3.6-lib/cocos/editor-support,
					../../cocos2d-x-3.6-lib/extensions,
					../../cocos2d-x-3.6-lib/external,
					../../cocos2d-x-3.6-lib/external/chipmunk/include/chipmunk,
				);
				MACOSX_DEPLOYMENT_TARGET = 10.7;
				OTHER_CFLAGS = "-DNS_BLOCK_ASSERTIONS=1";
				PRODUCT_NAME = "$(TARGET_NAME)";
				SDKROOT = macosx;
				VALIDATE_PRODUCT = YES;
			};
			name = Release;
		};
/* End XCBuildConfiguration section */

/* Begin XCConfigurationList section */
		1D6058960D05DD3E006BFB54 /* Build configuration list for PBXNativeTarget "cpp iOS" */ = {
			isa = XCConfigurationList;
			buildConfigurations = (
				1D6058940D05DD3E006BFB54 /* Debug */,
				1D6058950D05DD3E006BFB54 /* Release */,
			);
			defaultConfigurationIsVisible = 0;
			defaultConfigurationName = Debug;
		};
		5087E76C17EB910900C73F5D /* Build configuration list for PBXNativeTarget "cpp Mac" */ = {
			isa = XCConfigurationList;
			buildConfigurations = (
				5087E76D17EB910900C73F5D /* Debug */,
				5087E76E17EB910900C73F5D /* Release */,
			);
			defaultConfigurationIsVisible = 0;
			defaultConfigurationName = Debug;
		};
		C01FCF4E08A954540054247B /* Build configuration list for PBXNativeTarget "TARGET_NAME" */ = {
			isa = XCConfigurationList;
			buildConfigurations = (
				C01FCF4F08A954540054247B /* Debug */,
				C01FCF5008A954540054247B /* Release */,
			);
			defaultConfigurationIsVisible = 0;
			defaultConfigurationName = Debug;
		};
/* End XCConfigurationList section */

/* Begin PBXVariantGroup section */
		10E84E1FA4BD4806B56900E1 /* SdkboxReviewResLocalizable.strings */ = {
			isa = PBXVariantGroup;
			children = (
				978A434B95891A2E1659A703 /* ar */,
				0D95470BB0964EF6F84BDF99 /* ca */,
				5EA341C98441BE92DFAEF29B /* cs */,
				62DB4FCF902529B2B7E782A1 /* da */,
				DC1646AB803B25B50F2FF9F8 /* de */,
				3C09495097258A60052E57C7 /* el */,
				286A4BE1A00D88D327A37FBB /* en */,
				F8464EFFAA0AC095175E8C66 /* es */,
				FBC5447CA85E735A49913672 /* fi */,
				450743FAA1BA1788329F1139 /* fr */,
				B1F948639461B41A23F8B36E /* he */,
				EFA846959854833AEE64B8CB /* hu */,
				F72B40DF8BFD26C134D7F353 /* id */,
				5EEE4B028C8CF25255B46BCC /* it */,
				3EBB4A36AD824E7A08699926 /* ja */,
				B58D4B949F65BEB7C93A996A /* ko */,
				D75C444EBA2F1090A5505C7C /* ms */,
				F1524FECA61CE649B3E84CB6 /* nb */,
				77D44580AD1394F16CD8D6BC /* nl */,
				D3914062B0C413076A85967C /* pl */,
				6B9D43CB9686CFC84FF4BBB7 /* pt-BR */,
				448A4C27AFB273A42BEF5CEC /* pt */,
				F37645C3B4C4A9D791C4379F /* ro */,
				8F114AF9BF60261418D43872 /* ru */,
				098141088B46EB8F69E0106F /* sk */,
				6D5E4B84B380749CC1F45ADD /* sv */,
				B7E44B47B07B5F0E5DFD87AC /* th */,
				FBC74554BDC8D6E4592301D4 /* tr */,
				CCE040C39D4F0CEB2DA1D193 /* uk */,
				FBC44D66992F610226AAA7C0 /* vi */,
				E7F644AAA58DA13AA51E26E7 /* zh-Hans */,
				200B4424BCB0A57CAA6DF57D /* zh-Hant */,
				02C64EC1AF1709C9166EF163 /* ar */,
				6F3B4E19AB73613B5EA76323 /* ca */,
				C5694AD59D81263D35737F73 /* cs */,
				F18E46B1832DF8A739648B09 /* da */,
				A2B34F3DB6F0538E04E641FF /* de */,
				4C9D4FA1ADB999D068EBC2F9 /* el */,
				6D3A48FFBFE8635CBC37EFD7 /* en */,
				B6574113B110168DFF3C78FB /* es */,
				55D341E892996EA119A5DEF3 /* fi */,
				1AB84778A3930317D93C0210 /* fr */,
				6BA84CC1AE9705EEB4B73D0B /* he */,
				8FA84438A67D9178DDB919F7 /* hu */,
				A750416C9CF66CAEB81A9C79 /* id */,
				C6674BFFBC16F325CF5008A3 /* it */,
				814F4E19B5D4DE890FF7019D /* ja */,
				1BDB4D978C84363191D223EA /* ko */,
				946A4BC9AC34421A42A27278 /* ms */,
				5E374F2DB28C162616DED3CA /* nb */,
				93734F8687E7DD39E2F5F3F8 /* nl */,
				90C44BEFBFBEAB3B399CC26C /* pl */,
				F95B48A99259DF47773FC8FC /* pt-BR */,
				769F41ABBC82EEE0D992B8EA /* pt */,
				6D114317A243669F36353167 /* ro */,
				004B428E84C6783813C3E6A8 /* ru */,
				2EE14B59A97A42D13BE48611 /* sk */,
				F7BF48D9ACDF543B8794BB15 /* sv */,
				BC99450BBB113E994FC2E353 /* th */,
				ABFC46D4B52C89ADBA1EDE04 /* tr */,
				1BDE40CCBE3FA585F1A9CE00 /* uk */,
				8B5A40D1B7C10FFD5AA8D6D0 /* vi */,
				FC3649D4B0AD53057F1203C1 /* zh-Hans */,
				9B804D93828FC8B28F6C5CB3 /* zh-Hant */,
				526F406AB9614090864B8336 /* ar */,
				2CCD4FB8AAE9DF83F64B3C6A /* ca */,
				00244304BA46400B2C161170 /* cs */,
				508245BEB63FA33ADD729944 /* da */,
				94824F98B1C28EA5CCF1DB92 /* de */,
				D8464CD2BAFFF0A00EB560BE /* el */,
				80804FB99C78C3167B1448CB /* en */,
				70A44488A0811ECD74DD1A96 /* es */,
				5E824A03BB50070C1A7F5B44 /* fi */,
				8C9745078A54E457E72BDF4D /* fr */,
				EB8549BDBAF44CA455BAA60D /* he */,
				9466454E9296A6C01813F43C /* hu */,
				7C95438196A083FC9696D823 /* id */,
				19B44EFB8D32F3A8B8CDB397 /* it */,
				0AD247D3982BA30B8E934C7A /* ja */,
				3458495FB0DDE2A16477156C /* ko */,
				B7044998A0F374B36FC50DC3 /* ms */,
				E6E2497295D5979698A9B9D2 /* nb */,
				D0854CC694F6FB171770F0C9 /* nl */,
				82CB4D91A7F89D3C59586678 /* pl */,
				2EEB4F438CADDFBD49C53910 /* pt-BR */,
				06644976B5A72EFF3AE33B54 /* pt */,
				C023439BA1216A3E7936C28B /* ro */,
				882F42C5A9D9015B34A6AF63 /* ru */,
				6C0B4D49ADE1B38081EB9580 /* sk */,
				80F348888678D930D5690F5F /* sv */,
				D69646A2A11FDAFE1D088CCF /* th */,
				AED440A2AF728EA3B05DA314 /* tr */,
				85FD4151A8B8A0DF523E8B96 /* uk */,
				409E45AAAA1FB30BE6334EEF /* vi */,
				BF334DFEAAF1BE8C670EB51B /* zh-Hans */,
				28ED4755B0935EDD2DB3ECEE /* zh-Hant */,
			);
			name = SdkboxReviewResLocalizable.strings;
			sourceTree = "<group>";
		};
/* End PBXVariantGroup section */
	};
	rootObject = 29B97313FDCFA39411CA2CEA /* Project Object */;
}